
Microsoft Visual Studio Solution File, Format Version 12.00
# Visual Studio Version 17
VisualStudioVersion = 17.11.35312.102
MinimumVisualStudioVersion = 10.0.40219.1
Project("{FAE04EC0-301F-11D3-BF4B-00C04F79EFBC}") = "AngularApp1.Server", "AngularApp1.Server\AngularApp1.Server.csproj", "{7D5884AA-4684-4E8C-BCA3-6494FF9AD4F7}"
EndProject
Project("{54A90642-561A-4BB1-A94E-469ADEE60C69}") = "angularapp1.client", "angularapp1.client\angularapp1.client.esproj", "{FD80F736-277A-4EE4-8166-491089E763C1}"
EndProject
Project("{FAE04EC0-301F-11D3-BF4B-00C04F79EFBC}") = "Project1", "Project1\Project1.csproj", "{09DDC1C2-BC76-4008-B4F8-39201E07C65A}"
EndProject
Global
	GlobalSection(SolutionConfigurationPlatforms) = preSolution
		Debug|Any CPU = Debug|Any CPU
		Release|Any CPU = Release|Any CPU
	EndGlobalSection
	GlobalSection(ProjectConfigurationPlatforms) = postSolution
		{7D5884AA-4684-4E8C-BCA3-6494FF9AD4F7}.Debug|Any CPU.ActiveCfg = Debug|Any CPU
		{7D5884AA-4684-4E8C-BCA3-6494FF9AD4F7}.Debug|Any CPU.Build.0 = Debug|Any CPU
		{7D5884AA-4684-4E8C-BCA3-6494FF9AD4F7}.Release|Any CPU.ActiveCfg = Release|Any CPU
		{7D5884AA-4684-4E8C-BCA3-6494FF9AD4F7}.Release|Any CPU.Build.0 = Release|Any CPU
		{FD80F736-277A-4EE4-8166-491089E763C1}.Debug|Any CPU.ActiveCfg = Debug|Any CPU
		{FD80F736-277A-4EE4-8166-491089E763C1}.Debug|Any CPU.Build.0 = Debug|Any CPU
		{FD80F736-277A-4EE4-8166-491089E763C1}.Debug|Any CPU.Deploy.0 = Debug|Any CPU
		{FD80F736-277A-4EE4-8166-491089E763C1}.Release|Any CPU.ActiveCfg = Release|Any CPU
		{FD80F736-277A-4EE4-8166-491089E763C1}.Release|Any CPU.Build.0 = Release|Any CPU
		{FD80F736-277A-4EE4-8166-491089E763C1}.Release|Any CPU.Deploy.0 = Release|Any CPU
		{09DDC1C2-BC76-4008-B4F8-39201E07C65A}.Debug|Any CPU.ActiveCfg = Debug|Any CPU
		{09DDC1C2-BC76-4008-B4F8-39201E07C65A}.Debug|Any CPU.Build.0 = Debug|Any CPU
		{09DDC1C2-BC76-4008-B4F8-39201E07C65A}.Release|Any CPU.ActiveCfg = Release|Any CPU
		{09DDC1C2-BC76-4008-B4F8-39201E07C65A}.Release|Any CPU.Build.0 = Release|Any CPU
	EndGlobalSection
	GlobalSection(SolutionProperties) = preSolution
		HideSolutionNode = FALSE
	EndGlobalSection
	GlobalSection(ExtensibilityGlobals) = postSolution
		SolutionGuid = {E35C294D-251B-462F-8AF3-ECC45608B14A}
	EndGlobalSection
EndGlobal
